
Microsoft Visual Studio Solution File, Format Version 12.00
# Visual Studio 15
VisualStudioVersion = 15.0.27428.2043
MinimumVisualStudioVersion = 10.0.40219.1
Project("{FAE04EC0-301F-11D3-BF4B-00C04F79EFBC}") = "JobApp.Android", "JobApp\JobApp.Android\JobApp.Android.csproj", "{4F43D992-4BFB-430C-B8A5-9C01FFAE52FA}"
EndProject
Project("{FAE04EC0-301F-11D3-BF4B-00C04F79EFBC}") = "JobApp.iOS", "JobApp\JobApp.iOS\JobApp.iOS.csproj", "{36C72B8B-B8EE-43DE-A68A-61290A4AE2CC}"
EndProject
Project("{FAE04EC0-301F-11D3-BF4B-00C04F79EFBC}") = "JobApp.UWP", "JobApp\JobApp.UWP\JobApp.UWP.csproj", "{F4EDD2AD-97C5-4F05-B9BF-7D14BEF2A37B}"
EndProject
Project("{D954291E-2A0B-460D-934E-DC6B0785DB48}") = "JobApp", "JobApp\JobApp\JobApp.shproj", "{E70B2C45-6D30-4B91-B134-69D77A109922}"
EndProject
Global
	GlobalSection(SharedMSBuildProjectFiles) = preSolution
		JobApp\JobApp\JobApp.projitems*{36c72b8b-b8ee-43de-a68a-61290a4ae2cc}*SharedItemsImports = 4
		JobApp\JobApp\JobApp.projitems*{4f43d992-4bfb-430c-b8a5-9c01ffae52fa}*SharedItemsImports = 4
		JobApp\JobApp\JobApp.projitems*{e70b2c45-6d30-4b91-b134-69d77a109922}*SharedItemsImports = 13
		JobApp\JobApp\JobApp.projitems*{f4edd2ad-97c5-4f05-b9bf-7d14bef2a37b}*SharedItemsImports = 4
	EndGlobalSection
	GlobalSection(SolutionConfigurationPlatforms) = preSolution
		Ad-Hoc|Any CPU = Ad-Hoc|Any CPU
		Ad-Hoc|ARM = Ad-Hoc|ARM
		Ad-Hoc|iPhone = Ad-Hoc|iPhone
		Ad-Hoc|iPhoneSimulator = Ad-Hoc|iPhoneSimulator
		Ad-Hoc|x64 = Ad-Hoc|x64
		Ad-Hoc|x86 = Ad-Hoc|x86
		AppStore|Any CPU = AppStore|Any CPU
		AppStore|ARM = AppStore|ARM
		AppStore|iPhone = AppStore|iPhone
		AppStore|iPhoneSimulator = AppStore|iPhoneSimulator
		AppStore|x64 = AppStore|x64
		AppStore|x86 = AppStore|x86
		Debug|Any CPU = Debug|Any CPU
		Debug|ARM = Debug|ARM
		Debug|iPhone = Debug|iPhone
		Debug|iPhoneSimulator = Debug|iPhoneSimulator
		Debug|x64 = Debug|x64
		Debug|x86 = Debug|x86
		Release|Any CPU = Release|Any CPU
		Release|ARM = Release|ARM
		Release|iPhone = Release|iPhone
		Release|iPhoneSimulator = Release|iPhoneSimulator
		Release|x64 = Release|x64
		Release|x86 = Release|x86
	EndGlobalSection
	GlobalSection(ProjectConfigurationPlatforms) = postSolution
		{4F43D992-4BFB-430C-B8A5-9C01FFAE52FA}.Ad-Hoc|Any CPU.ActiveCfg = Release|Any CPU
		{4F43D992-4BFB-430C-B8A5-9C01FFAE52FA}.Ad-Hoc|Any CPU.Build.0 = Release|Any CPU
		{4F43D992-4BFB-430C-B8A5-9C01FFAE52FA}.Ad-Hoc|Any CPU.Deploy.0 = Release|Any CPU
		{4F43D992-4BFB-430C-B8A5-9C01FFAE52FA}.Ad-Hoc|ARM.ActiveCfg = Release|Any CPU
		{4F43D992-4BFB-430C-B8A5-9C01FFAE52FA}.Ad-Hoc|ARM.Build.0 = Release|Any CPU
		{4F43D992-4BFB-430C-B8A5-9C01FFAE52FA}.Ad-Hoc|ARM.Deploy.0 = Release|Any CPU
		{4F43D992-4BFB-430C-B8A5-9C01FFAE52FA}.Ad-Hoc|iPhone.ActiveCfg = Release|Any CPU
		{4F43D992-4BFB-430C-B8A5-9C01FFAE52FA}.Ad-Hoc|iPhone.Build.0 = Release|Any CPU
		{4F43D992-4BFB-430C-B8A5-9C01FFAE52FA}.Ad-Hoc|iPhone.Deploy.0 = Release|Any CPU
		{4F43D992-4BFB-430C-B8A5-9C01FFAE52FA}.Ad-Hoc|iPhoneSimulator.ActiveCfg = Release|Any CPU
		{4F43D992-4BFB-430C-B8A5-9C01FFAE52FA}.Ad-Hoc|iPhoneSimulator.Build.0 = Release|Any CPU
		{4F43D992-4BFB-430C-B8A5-9C01FFAE52FA}.Ad-Hoc|iPhoneSimulator.Deploy.0 = Release|Any CPU
		{4F43D992-4BFB-430C-B8A5-9C01FFAE52FA}.Ad-Hoc|x64.ActiveCfg = Release|Any CPU
		{4F43D992-4BFB-430C-B8A5-9C01FFAE52FA}.Ad-Hoc|x64.Build.0 = Release|Any CPU
		{4F43D992-4BFB-430C-B8A5-9C01FFAE52FA}.Ad-Hoc|x64.Deploy.0 = Release|Any CPU
		{4F43D992-4BFB-430C-B8A5-9C01FFAE52FA}.Ad-Hoc|x86.ActiveCfg = Release|Any CPU
		{4F43D992-4BFB-430C-B8A5-9C01FFAE52FA}.Ad-Hoc|x86.Build.0 = Release|Any CPU
		{4F43D992-4BFB-430C-B8A5-9C01FFAE52FA}.Ad-Hoc|x86.Deploy.0 = Release|Any CPU
		{4F43D992-4BFB-430C-B8A5-9C01FFAE52FA}.AppStore|Any CPU.ActiveCfg = Release|Any CPU
		{4F43D992-4BFB-430C-B8A5-9C01FFAE52FA}.AppStore|Any CPU.Build.0 = Release|Any CPU
		{4F43D992-4BFB-430C-B8A5-9C01FFAE52FA}.AppStore|Any CPU.Deploy.0 = Release|Any CPU
		{4F43D992-4BFB-430C-B8A5-9C01FFAE52FA}.AppStore|ARM.ActiveCfg = Release|Any CPU
		{4F43D992-4BFB-430C-B8A5-9C01FFAE52FA}.AppStore|ARM.Build.0 = Release|Any CPU
		{4F43D992-4BFB-430C-B8A5-9C01FFAE52FA}.AppStore|ARM.Deploy.0 = Release|Any CPU
		{4F43D992-4BFB-430C-B8A5-9C01FFAE52FA}.AppStore|iPhone.ActiveCfg = Release|Any CPU
		{4F43D992-4BFB-430C-B8A5-9C01FFAE52FA}.AppStore|iPhone.Build.0 = Release|Any CPU
		{4F43D992-4BFB-430C-B8A5-9C01FFAE52FA}.AppStore|iPhone.Deploy.0 = Release|Any CPU
		{4F43D992-4BFB-430C-B8A5-9C01FFAE52FA}.AppStore|iPhoneSimulator.ActiveCfg = Release|Any CPU
		{4F43D992-4BFB-430C-B8A5-9C01FFAE52FA}.AppStore|iPhoneSimulator.Build.0 = Release|Any CPU
		{4F43D992-4BFB-430C-B8A5-9C01FFAE52FA}.AppStore|iPhoneSimulator.Deploy.0 = Release|Any CPU
		{4F43D992-4BFB-430C-B8A5-9C01FFAE52FA}.AppStore|x64.ActiveCfg = Release|Any CPU
		{4F43D992-4BFB-430C-B8A5-9C01FFAE52FA}.AppStore|x64.Build.0 = Release|Any CPU
		{4F43D992-4BFB-430C-B8A5-9C01FFAE52FA}.AppStore|x64.Deploy.0 = Release|Any CPU
		{4F43D992-4BFB-430C-B8A5-9C01FFAE52FA}.AppStore|x86.ActiveCfg = Release|Any CPU
		{4F43D992-4BFB-430C-B8A5-9C01FFAE52FA}.AppStore|x86.Build.0 = Release|Any CPU
		{4F43D992-4BFB-430C-B8A5-9C01FFAE52FA}.AppStore|x86.Deploy.0 = Release|Any CPU
		{4F43D992-4BFB-430C-B8A5-9C01FFAE52FA}.Debug|Any CPU.ActiveCfg = Debug|Any CPU
		{4F43D992-4BFB-430C-B8A5-9C01FFAE52FA}.Debug|Any CPU.Build.0 = Debug|Any CPU
		{4F43D992-4BFB-430C-B8A5-9C01FFAE52FA}.Debug|Any CPU.Deploy.0 = Debug|Any CPU
		{4F43D992-4BFB-430C-B8A5-9C01FFAE52FA}.Debug|ARM.ActiveCfg = Debug|Any CPU
		{4F43D992-4BFB-430C-B8A5-9C01FFAE52FA}.Debug|ARM.Build.0 = Debug|Any CPU
		{4F43D992-4BFB-430C-B8A5-9C01FFAE52FA}.Debug|ARM.Deploy.0 = Debug|Any CPU
		{4F43D992-4BFB-430C-B8A5-9C01FFAE52FA}.Debug|iPhone.ActiveCfg = Debug|Any CPU
		{4F43D992-4BFB-430C-B8A5-9C01FFAE52FA}.Debug|iPhone.Build.0 = Debug|Any CPU
		{4F43D992-4BFB-430C-B8A5-9C01FFAE52FA}.Debug|iPhone.Deploy.0 = Debug|Any CPU
		{4F43D992-4BFB-430C-B8A5-9C01FFAE52FA}.Debug|iPhoneSimulator.ActiveCfg = Debug|Any CPU
		{4F43D992-4BFB-430C-B8A5-9C01FFAE52FA}.Debug|iPhoneSimulator.Build.0 = Debug|Any CPU
		{4F43D992-4BFB-430C-B8A5-9C01FFAE52FA}.Debug|iPhoneSimulator.Deploy.0 = Debug|Any CPU
		{4F43D992-4BFB-430C-B8A5-9C01FFAE52FA}.Debug|x64.ActiveCfg = Debug|Any CPU
		{4F43D992-4BFB-430C-B8A5-9C01FFAE52FA}.Debug|x64.Build.0 = Debug|Any CPU
		{4F43D992-4BFB-430C-B8A5-9C01FFAE52FA}.Debug|x64.Deploy.0 = Debug|Any CPU
		{4F43D992-4BFB-430C-B8A5-9C01FFAE52FA}.Debug|x86.ActiveCfg = Debug|Any CPU
		{4F43D992-4BFB-430C-B8A5-9C01FFAE52FA}.Debug|x86.Build.0 = Debug|Any CPU
		{4F43D992-4BFB-430C-B8A5-9C01FFAE52FA}.Debug|x86.Deploy.0 = Debug|Any CPU
		{4F43D992-4BFB-430C-B8A5-9C01FFAE52FA}.Release|Any CPU.ActiveCfg = Release|Any CPU
		{4F43D992-4BFB-430C-B8A5-9C01FFAE52FA}.Release|Any CPU.Build.0 = Release|Any CPU
		{4F43D992-4BFB-430C-B8A5-9C01FFAE52FA}.Release|Any CPU.Deploy.0 = Release|Any CPU
		{4F43D992-4BFB-430C-B8A5-9C01FFAE52FA}.Release|ARM.ActiveCfg = Release|Any CPU
		{4F43D992-4BFB-430C-B8A5-9C01FFAE52FA}.Release|ARM.Build.0 = Release|Any CPU
		{4F43D992-4BFB-430C-B8A5-9C01FFAE52FA}.Release|ARM.Deploy.0 = Release|Any CPU
		{4F43D992-4BFB-430C-B8A5-9C01FFAE52FA}.Release|iPhone.ActiveCfg = Release|Any CPU
		{4F43D992-4BFB-430C-B8A5-9C01FFAE52FA}.Release|iPhone.Build.0 = Release|Any CPU
		{4F43D992-4BFB-430C-B8A5-9C01FFAE52FA}.Release|iPhone.Deploy.0 = Release|Any CPU
		{4F43D992-4BFB-430C-B8A5-9C01FFAE52FA}.Release|iPhoneSimulator.ActiveCfg = Release|Any CPU
		{4F43D992-4BFB-430C-B8A5-9C01FFAE52FA}.Release|iPhoneSimulator.Build.0 = Release|Any CPU
		{4F43D992-4BFB-430C-B8A5-9C01FFAE52FA}.Release|iPhoneSimulator.Deploy.0 = Release|Any CPU
		{4F43D992-4BFB-430C-B8A5-9C01FFAE52FA}.Release|x64.ActiveCfg = Release|Any CPU
		{4F43D992-4BFB-430C-B8A5-9C01FFAE52FA}.Release|x64.Build.0 = Release|Any CPU
		{4F43D992-4BFB-430C-B8A5-9C01FFAE52FA}.Release|x64.Deploy.0 = Release|Any CPU
		{4F43D992-4BFB-430C-B8A5-9C01FFAE52FA}.Release|x86.ActiveCfg = Release|Any CPU
		{4F43D992-4BFB-430C-B8A5-9C01FFAE52FA}.Release|x86.Build.0 = Release|Any CPU
		{4F43D992-4BFB-430C-B8A5-9C01FFAE52FA}.Release|x86.Deploy.0 = Release|Any CPU
		{36C72B8B-B8EE-43DE-A68A-61290A4AE2CC}.Ad-Hoc|Any CPU.ActiveCfg = Ad-Hoc|iPhone
		{36C72B8B-B8EE-43DE-A68A-61290A4AE2CC}.Ad-Hoc|ARM.ActiveCfg = Ad-Hoc|iPhone
		{36C72B8B-B8EE-43DE-A68A-61290A4AE2CC}.Ad-Hoc|iPhone.ActiveCfg = Ad-Hoc|iPhone
		{36C72B8B-B8EE-43DE-A68A-61290A4AE2CC}.Ad-Hoc|iPhone.Build.0 = Ad-Hoc|iPhone
		{36C72B8B-B8EE-43DE-A68A-61290A4AE2CC}.Ad-Hoc|iPhoneSimulator.ActiveCfg = Ad-Hoc|iPhoneSimulator
		{36C72B8B-B8EE-43DE-A68A-61290A4AE2CC}.Ad-Hoc|iPhoneSimulator.Build.0 = Ad-Hoc|iPhoneSimulator
		{36C72B8B-B8EE-43DE-A68A-61290A4AE2CC}.Ad-Hoc|x64.ActiveCfg = Ad-Hoc|iPhone
		{36C72B8B-B8EE-43DE-A68A-61290A4AE2CC}.Ad-Hoc|x86.ActiveCfg = Ad-Hoc|iPhone
		{36C72B8B-B8EE-43DE-A68A-61290A4AE2CC}.AppStore|Any CPU.ActiveCfg = AppStore|iPhone
		{36C72B8B-B8EE-43DE-A68A-61290A4AE2CC}.AppStore|ARM.ActiveCfg = AppStore|iPhone
		{36C72B8B-B8EE-43DE-A68A-61290A4AE2CC}.AppStore|iPhone.ActiveCfg = AppStore|iPhone
		{36C72B8B-B8EE-43DE-A68A-61290A4AE2CC}.AppStore|iPhone.Build.0 = AppStore|iPhone
		{36C72B8B-B8EE-43DE-A68A-61290A4AE2CC}.AppStore|iPhoneSimulator.ActiveCfg = AppStore|iPhoneSimulator
		{36C72B8B-B8EE-43DE-A68A-61290A4AE2CC}.AppStore|iPhoneSimulator.Build.0 = AppStore|iPhoneSimulator
		{36C72B8B-B8EE-43DE-A68A-61290A4AE2CC}.AppStore|x64.ActiveCfg = AppStore|iPhone
		{36C72B8B-B8EE-43DE-A68A-61290A4AE2CC}.AppStore|x86.ActiveCfg = AppStore|iPhone
		{36C72B8B-B8EE-43DE-A68A-61290A4AE2CC}.Debug|Any CPU.ActiveCfg = Debug|iPhone
		{36C72B8B-B8EE-43DE-A68A-61290A4AE2CC}.Debug|ARM.ActiveCfg = Debug|iPhone
		{36C72B8B-B8EE-43DE-A68A-61290A4AE2CC}.Debug|iPhone.ActiveCfg = Debug|iPhone
		{36C72B8B-B8EE-43DE-A68A-61290A4AE2CC}.Debug|iPhone.Build.0 = Debug|iPhone
		{36C72B8B-B8EE-43DE-A68A-61290A4AE2CC}.Debug|iPhoneSimulator.ActiveCfg = Debug|iPhoneSimulator
		{36C72B8B-B8EE-43DE-A68A-61290A4AE2CC}.Debug|iPhoneSimulator.Build.0 = Debug|iPhoneSimulator
		{36C72B8B-B8EE-43DE-A68A-61290A4AE2CC}.Debug|x64.ActiveCfg = Debug|iPhone
		{36C72B8B-B8EE-43DE-A68A-61290A4AE2CC}.Debug|x86.ActiveCfg = Debug|iPhone
		{36C72B8B-B8EE-43DE-A68A-61290A4AE2CC}.Release|Any CPU.ActiveCfg = Release|iPhone
		{36C72B8B-B8EE-43DE-A68A-61290A4AE2CC}.Release|ARM.ActiveCfg = Release|iPhone
		{36C72B8B-B8EE-43DE-A68A-61290A4AE2CC}.Release|iPhone.ActiveCfg = Release|iPhone
		{36C72B8B-B8EE-43DE-A68A-61290A4AE2CC}.Release|iPhone.Build.0 = Release|iPhone
		{36C72B8B-B8EE-43DE-A68A-61290A4AE2CC}.Release|iPhoneSimulator.ActiveCfg = Release|iPhoneSimulator
		{36C72B8B-B8EE-43DE-A68A-61290A4AE2CC}.Release|iPhoneSimulator.Build.0 = Release|iPhoneSimulator
		{36C72B8B-B8EE-43DE-A68A-61290A4AE2CC}.Release|x64.ActiveCfg = Release|iPhone
		{36C72B8B-B8EE-43DE-A68A-61290A4AE2CC}.Release|x86.ActiveCfg = Release|iPhone
		{F4EDD2AD-97C5-4F05-B9BF-7D14BEF2A37B}.Ad-Hoc|Any CPU.ActiveCfg = Release|x86
		{F4EDD2AD-97C5-4F05-B9BF-7D14BEF2A37B}.Ad-Hoc|Any CPU.Build.0 = Release|x86
		{F4EDD2AD-97C5-4F05-B9BF-7D14BEF2A37B}.Ad-Hoc|Any CPU.Deploy.0 = Release|x86
		{F4EDD2AD-97C5-4F05-B9BF-7D14BEF2A37B}.Ad-Hoc|ARM.ActiveCfg = Release|ARM
		{F4EDD2AD-97C5-4F05-B9BF-7D14BEF2A37B}.Ad-Hoc|ARM.Build.0 = Release|ARM
		{F4EDD2AD-97C5-4F05-B9BF-7D14BEF2A37B}.Ad-Hoc|ARM.Deploy.0 = Release|ARM
		{F4EDD2AD-97C5-4F05-B9BF-7D14BEF2A37B}.Ad-Hoc|iPhone.ActiveCfg = Release|x86
		{F4EDD2AD-97C5-4F05-B9BF-7D14BEF2A37B}.Ad-Hoc|iPhone.Build.0 = Release|x86
		{F4EDD2AD-97C5-4F05-B9BF-7D14BEF2A37B}.Ad-Hoc|iPhone.Deploy.0 = Release|x86
		{F4EDD2AD-97C5-4F05-B9BF-7D14BEF2A37B}.Ad-Hoc|iPhoneSimulator.ActiveCfg = Release|x86
		{F4EDD2AD-97C5-4F05-B9BF-7D14BEF2A37B}.Ad-Hoc|iPhoneSimulator.Build.0 = Release|x86
		{F4EDD2AD-97C5-4F05-B9BF-7D14BEF2A37B}.Ad-Hoc|iPhoneSimulator.Deploy.0 = Release|x86
		{F4EDD2AD-97C5-4F05-B9BF-7D14BEF2A37B}.Ad-Hoc|x64.ActiveCfg = Release|x64
		{F4EDD2AD-97C5-4F05-B9BF-7D14BEF2A37B}.Ad-Hoc|x64.Build.0 = Release|x64
		{F4EDD2AD-97C5-4F05-B9BF-7D14BEF2A37B}.Ad-Hoc|x64.Deploy.0 = Release|x64
		{F4EDD2AD-97C5-4F05-B9BF-7D14BEF2A37B}.Ad-Hoc|x86.ActiveCfg = Release|x86
		{F4EDD2AD-97C5-4F05-B9BF-7D14BEF2A37B}.Ad-Hoc|x86.Build.0 = Release|x86
		{F4EDD2AD-97C5-4F05-B9BF-7D14BEF2A37B}.Ad-Hoc|x86.Deploy.0 = Release|x86
		{F4EDD2AD-97C5-4F05-B9BF-7D14BEF2A37B}.AppStore|Any CPU.ActiveCfg = Release|x86
		{F4EDD2AD-97C5-4F05-B9BF-7D14BEF2A37B}.AppStore|Any CPU.Build.0 = Release|x86
		{F4EDD2AD-97C5-4F05-B9BF-7D14BEF2A37B}.AppStore|Any CPU.Deploy.0 = Release|x86
		{F4EDD2AD-97C5-4F05-B9BF-7D14BEF2A37B}.AppStore|ARM.ActiveCfg = Release|ARM
		{F4EDD2AD-97C5-4F05-B9BF-7D14BEF2A37B}.AppStore|ARM.Build.0 = Release|ARM
		{F4EDD2AD-97C5-4F05-B9BF-7D14BEF2A37B}.AppStore|ARM.Deploy.0 = Release|ARM
		{F4EDD2AD-97C5-4F05-B9BF-7D14BEF2A37B}.AppStore|iPhone.ActiveCfg = Release|x86
		{F4EDD2AD-97C5-4F05-B9BF-7D14BEF2A37B}.AppStore|iPhone.Build.0 = Release|x86
		{F4EDD2AD-97C5-4F05-B9BF-7D14BEF2A37B}.AppStore|iPhone.Deploy.0 = Release|x86
		{F4EDD2AD-97C5-4F05-B9BF-7D14BEF2A37B}.AppStore|iPhoneSimulator.ActiveCfg = Release|x86
		{F4EDD2AD-97C5-4F05-B9BF-7D14BEF2A37B}.AppStore|iPhoneSimulator.Build.0 = Release|x86
		{F4EDD2AD-97C5-4F05-B9BF-7D14BEF2A37B}.AppStore|iPhoneSimulator.Deploy.0 = Release|x86
		{F4EDD2AD-97C5-4F05-B9BF-7D14BEF2A37B}.AppStore|x64.ActiveCfg = Release|x64
		{F4EDD2AD-97C5-4F05-B9BF-7D14BEF2A37B}.AppStore|x64.Build.0 = Release|x64
		{F4EDD2AD-97C5-4F05-B9BF-7D14BEF2A37B}.AppStore|x64.Deploy.0 = Release|x64
		{F4EDD2AD-97C5-4F05-B9BF-7D14BEF2A37B}.AppStore|x86.ActiveCfg = Release|x86
		{F4EDD2AD-97C5-4F05-B9BF-7D14BEF2A37B}.AppStore|x86.Build.0 = Release|x86
		{F4EDD2AD-97C5-4F05-B9BF-7D14BEF2A37B}.AppStore|x86.Deploy.0 = Release|x86
		{F4EDD2AD-97C5-4F05-B9BF-7D14BEF2A37B}.Debug|Any CPU.ActiveCfg = Debug|x86
		{F4EDD2AD-97C5-4F05-B9BF-7D14BEF2A37B}.Debug|ARM.ActiveCfg = Debug|ARM
		{F4EDD2AD-97C5-4F05-B9BF-7D14BEF2A37B}.Debug|ARM.Build.0 = Debug|ARM
		{F4EDD2AD-97C5-4F05-B9BF-7D14BEF2A37B}.Debug|ARM.Deploy.0 = Debug|ARM
		{F4EDD2AD-97C5-4F05-B9BF-7D14BEF2A37B}.Debug|iPhone.ActiveCfg = Debug|x86
		{F4EDD2AD-97C5-4F05-B9BF-7D14BEF2A37B}.Debug|iPhoneSimulator.ActiveCfg = Debug|x86
		{F4EDD2AD-97C5-4F05-B9BF-7D14BEF2A37B}.Debug|x64.ActiveCfg = Debug|x64
		{F4EDD2AD-97C5-4F05-B9BF-7D14BEF2A37B}.Debug|x64.Build.0 = Debug|x64
		{F4EDD2AD-97C5-4F05-B9BF-7D14BEF2A37B}.Debug|x64.Deploy.0 = Debug|x64
		{F4EDD2AD-97C5-4F05-B9BF-7D14BEF2A37B}.Debug|x86.ActiveCfg = Debug|x86
		{F4EDD2AD-97C5-4F05-B9BF-7D14BEF2A37B}.Debug|x86.Build.0 = Debug|x86
		{F4EDD2AD-97C5-4F05-B9BF-7D14BEF2A37B}.Debug|x86.Deploy.0 = Debug|x86
		{F4EDD2AD-97C5-4F05-B9BF-7D14BEF2A37B}.Release|Any CPU.ActiveCfg = Release|x86
		{F4EDD2AD-97C5-4F05-B9BF-7D14BEF2A37B}.Release|ARM.ActiveCfg = Release|ARM
		{F4EDD2AD-97C5-4F05-B9BF-7D14BEF2A37B}.Release|ARM.Build.0 = Release|ARM
		{F4EDD2AD-97C5-4F05-B9BF-7D14BEF2A37B}.Release|ARM.Deploy.0 = Release|ARM
		{F4EDD2AD-97C5-4F05-B9BF-7D14BEF2A37B}.Release|iPhone.ActiveCfg = Release|x86
		{F4EDD2AD-97C5-4F05-B9BF-7D14BEF2A37B}.Release|iPhoneSimulator.ActiveCfg = Release|x86
		{F4EDD2AD-97C5-4F05-B9BF-7D14BEF2A37B}.Release|x64.ActiveCfg = Release|x64
		{F4EDD2AD-97C5-4F05-B9BF-7D14BEF2A37B}.Release|x64.Build.0 = Release|x64
		{F4EDD2AD-97C5-4F05-B9BF-7D14BEF2A37B}.Release|x64.Deploy.0 = Release|x64
		{F4EDD2AD-97C5-4F05-B9BF-7D14BEF2A37B}.Release|x86.ActiveCfg = Release|x86
		{F4EDD2AD-97C5-4F05-B9BF-7D14BEF2A37B}.Release|x86.Build.0 = Release|x86
		{F4EDD2AD-97C5-4F05-B9BF-7D14BEF2A37B}.Release|x86.Deploy.0 = Release|x86
	EndGlobalSection
	GlobalSection(SolutionProperties) = preSolution
		HideSolutionNode = FALSE
	EndGlobalSection
	GlobalSection(ExtensibilityGlobals) = postSolution
		SolutionGuid = {3E8CFDD3-7C61-44EB-9431-DDC79FF4A128}
	EndGlobalSection
EndGlobal
